Microsoft Visual Studio Solution File, Format Version 12.00
# Visual Studio Version 17
VisualStudioVersion = 17.5.2.0
MinimumVisualStudioVersion = 10.0.40219.1
Project("{FAE04EC0-301F-11D3-BF4B-00C04F79EFBC}") = "StudentPortal.Mvc", "StudentPortal.Mvc\StudentPortal.Mvc.csproj", "{0997C2A9-351B-4D76-DD9A-27E160AF96D3}"
EndProject
Global
	GlobalSection(SolutionConfigurationPlatforms) = preSolution
		Debug|Any CPU = Debug|Any CPU
		Release|Any CPU = Release|Any CPU
	EndGlobalSection
	GlobalSection(ProjectConfigurationPlatforms) = postSolution
		{0997C2A9-351B-4D76-DD9A-27E160AF96D3}.Debug|Any CPU.ActiveCfg = Debug|Any CPU
		{0997C2A9-351B-4D76-DD9A-27E160AF96D3}.Debug|Any CPU.Build.0 = Debug|Any CPU
		{0997C2A9-351B-4D76-DD9A-27E160AF96D3}.Release|Any CPU.ActiveCfg = Release|Any CPU
		{0997C2A9-351B-4D76-DD9A-27E160AF96D3}.Release|Any CPU.Build.0 = Release|Any CPU
	EndGlobalSection
	GlobalSection(SolutionProperties) = preSolution
		HideSolutionNode = FALSE
	EndGlobalSection
	GlobalSection(ExtensibilityGlobals) = postSolution
		SolutionGuid = {7A5E7EEB-C242-4DAB-AD57-3BC89FAB272F}
	EndGlobalSection
EndGlobal
