Microsoft Visual Studio Solution File, Format Version 12.00
# Visual Studio Version 17
VisualStudioVersion = 17.5.2.0
MinimumVisualStudioVersion = 10.0.40219.1
Project("{FAE04EC0-301F-11D3-BF4B-00C04F79EFBC}") = "StudentPortal.Mvc", "StudentPortal.Mvc.csproj", "{AFC8E061-1F48-4EEB-0870-0AF415BE9ABC}"
EndProject
Global
	GlobalSection(SolutionConfigurationPlatforms) = preSolution
		Debug|Any CPU = Debug|Any CPU
		Release|Any CPU = Release|Any CPU
	EndGlobalSection
	GlobalSection(ProjectConfigurationPlatforms) = postSolution
		{AFC8E061-1F48-4EEB-0870-0AF415BE9ABC}.Debug|Any CPU.ActiveCfg = Debug|Any CPU
		{AFC8E061-1F48-4EEB-0870-0AF415BE9ABC}.Debug|Any CPU.Build.0 = Debug|Any CPU
		{AFC8E061-1F48-4EEB-0870-0AF415BE9ABC}.Release|Any CPU.ActiveCfg = Release|Any CPU
		{AFC8E061-1F48-4EEB-0870-0AF415BE9ABC}.Release|Any CPU.Build.0 = Release|Any CPU
	EndGlobalSection
	GlobalSection(SolutionProperties) = preSolution
		HideSolutionNode = FALSE
	EndGlobalSection
	GlobalSection(ExtensibilityGlobals) = postSolution
		SolutionGuid = {0D695E85-F715-4225-AA62-7C0CFD125CEE}
	EndGlobalSection
EndGlobal
